
Microsoft Visual Studio Solution File, Format Version 12.00
# Visual Studio Version 16
VisualStudioVersion = 16.0.33214.272
MinimumVisualStudioVersion = 10.0.40219.1
Project("{FAE04EC0-301F-11D3-BF4B-00C04F79EFBC}") = "ProductCategory", "ProductCategory.csproj", "{5256CCEC-2B6B-4A8A-B7B9-B906AF1E7B98}"
EndProject
Global
	GlobalSection(SolutionConfigurationPlatforms) = preSolution
		Debug|Any CPU = Debug|Any CPU
		Release|Any CPU = Release|Any CPU
	EndGlobalSection
	GlobalSection(ProjectConfigurationPlatforms) = postSolution
		{5256CCEC-2B6B-4A8A-B7B9-B906AF1E7B98}.Debug|Any CPU.ActiveCfg = Debug|Any CPU
		{5256CCEC-2B6B-4A8A-B7B9-B906AF1E7B98}.Debug|Any CPU.Build.0 = Debug|Any CPU
		{5256CCEC-2B6B-4A8A-B7B9-B906AF1E7B98}.Release|Any CPU.ActiveCfg = Release|Any CPU
		{5256CCEC-2B6B-4A8A-B7B9-B906AF1E7B98}.Release|Any CPU.Build.0 = Release|Any CPU
	EndGlobalSection
	GlobalSection(SolutionProperties) = preSolution
		HideSolutionNode = FALSE
	EndGlobalSection
	GlobalSection(ExtensibilityGlobals) = postSolution
		SolutionGuid = {59949513-70D4-4A1D-AE55-83CB730BBE1F}
	EndGlobalSection
EndGlobal
